
Microsoft Visual Studio Solution File, Format Version 12.00
# Visual Studio 15
VisualStudioVersion = 15.0.28010.2048
MinimumVisualStudioVersion = 10.0.40219.1
Project("{FAE04EC0-301F-11D3-BF4B-00C04F79EFBC}") = "ConsoleFileStorage", "ConsoleFileStorage\ConsoleFileStorage.csproj", "{629B4779-EB34-4A53-9DDF-BA8DF058DE71}"
EndProject
Global
	GlobalSection(SolutionConfigurationPlatforms) = preSolution
		Debug|Any CPU = Debug|Any CPU
		Release|Any CPU = Release|Any CPU
	EndGlobalSection
	GlobalSection(ProjectConfigurationPlatforms) = postSolution
		{629B4779-EB34-4A53-9DDF-BA8DF058DE71}.Debug|Any CPU.ActiveCfg = Debug|Any CPU
		{629B4779-EB34-4A53-9DDF-BA8DF058DE71}.Debug|Any CPU.Build.0 = Debug|Any CPU
		{629B4779-EB34-4A53-9DDF-BA8DF058DE71}.Release|Any CPU.ActiveCfg = Release|Any CPU
		{629B4779-EB34-4A53-9DDF-BA8DF058DE71}.Release|Any CPU.Build.0 = Release|Any CPU
	EndGlobalSection
	GlobalSection(SolutionProperties) = preSolution
		HideSolutionNode = FALSE
	EndGlobalSection
	GlobalSection(ExtensibilityGlobals) = postSolution
		SolutionGuid = {E21D060F-94F7-4EF2-AE97-F2905664A090}
	EndGlobalSection
EndGlobal
